
Microsoft Visual Studio Solution File, Format Version 12.00
# Visual Studio Version 17
VisualStudioVersion = 17.4.33403.182
MinimumVisualStudioVersion = 10.0.40219.1
Project("{FAE04EC0-301F-11D3-BF4B-00C04F79EFBC}") = "ConsoleApp", "ConsoleApp\ConsoleApp.csproj", "{FCCCD717-34B0-41A1-ADD1-E899704EBBBE}"
EndProject
Global
	GlobalSection(SolutionConfigurationPlatforms) = preSolution
		Debug|Any CPU = Debug|Any CPU
		Release|Any CPU = Release|Any CPU
	EndGlobalSection
	GlobalSection(ProjectConfigurationPlatforms) = postSolution
		{FCCCD717-34B0-41A1-ADD1-E899704EBBBE}.Debug|Any CPU.ActiveCfg = Debug|Any CPU
		{FCCCD717-34B0-41A1-ADD1-E899704EBBBE}.Debug|Any CPU.Build.0 = Debug|Any CPU
		{FCCCD717-34B0-41A1-ADD1-E899704EBBBE}.Release|Any CPU.ActiveCfg = Release|Any CPU
		{FCCCD717-34B0-41A1-ADD1-E899704EBBBE}.Release|Any CPU.Build.0 = Release|Any CPU
	EndGlobalSection
	GlobalSection(SolutionProperties) = preSolution
		HideSolutionNode = FALSE
	EndGlobalSection
	GlobalSection(ExtensibilityGlobals) = postSolution
		SolutionGuid = {597E3CAC-C209-4C8D-90EC-9858A6125960}
	EndGlobalSection
EndGlobal
